
Microsoft Visual Studio Solution File, Format Version 12.00
# Visual Studio Version 17
VisualStudioVersion = 17.5.002.0
MinimumVisualStudioVersion = 10.0.40219.1
Project("{9A19103F-16F7-4668-BE54-9A1E7A4F7556}") = "client", "client.csproj", "{5960D730-6FB0-4964-9585-6147E1BF6B40}"
EndProject
Global
	GlobalSection(SolutionConfigurationPlatforms) = preSolution
		Debug|Any CPU = Debug|Any CPU
		Release|Any CPU = Release|Any CPU
	EndGlobalSection
	GlobalSection(ProjectConfigurationPlatforms) = postSolution
		{5960D730-6FB0-4964-9585-6147E1BF6B40}.Debug|Any CPU.ActiveCfg = Debug|Any CPU
		{5960D730-6FB0-4964-9585-6147E1BF6B40}.Debug|Any CPU.Build.0 = Debug|Any CPU
		{5960D730-6FB0-4964-9585-6147E1BF6B40}.Release|Any CPU.ActiveCfg = Release|Any CPU
		{5960D730-6FB0-4964-9585-6147E1BF6B40}.Release|Any CPU.Build.0 = Release|Any CPU
	EndGlobalSection
	GlobalSection(SolutionProperties) = preSolution
		HideSolutionNode = FALSE
	EndGlobalSection
	GlobalSection(ExtensibilityGlobals) = postSolution
		SolutionGuid = {8BA13F7A-9222-4C78-A378-586AF363ECA6}
	EndGlobalSection
EndGlobal
